
Microsoft Visual Studio Solution File, Format Version 12.00
# Visual Studio Version 17
VisualStudioVersion = 17.10.35004.147
MinimumVisualStudioVersion = 10.0.40219.1
Project("{FAE04EC0-301F-11D3-BF4B-00C04F79EFBC}") = "DiscordMusicBot", "DiscordMusicBot\DiscordMusicBot.csproj", "{1F6AD233-E8E2-4A21-A937-F1A76D643D7B}"
EndProject
Global
	GlobalSection(SolutionConfigurationPlatforms) = preSolution
		Debug|Any CPU = Debug|Any CPU
		Release|Any CPU = Release|Any CPU
	EndGlobalSection
	GlobalSection(ProjectConfigurationPlatforms) = postSolution
		{1F6AD233-E8E2-4A21-A937-F1A76D643D7B}.Debug|Any CPU.ActiveCfg = Debug|Any CPU
		{1F6AD233-E8E2-4A21-A937-F1A76D643D7B}.Debug|Any CPU.Build.0 = Debug|Any CPU
		{1F6AD233-E8E2-4A21-A937-F1A76D643D7B}.Release|Any CPU.ActiveCfg = Release|Any CPU
		{1F6AD233-E8E2-4A21-A937-F1A76D643D7B}.Release|Any CPU.Build.0 = Release|Any CPU
	EndGlobalSection
	GlobalSection(SolutionProperties) = preSolution
		HideSolutionNode = FALSE
	EndGlobalSection
	GlobalSection(ExtensibilityGlobals) = postSolution
		SolutionGuid = {AA8D09A7-2DFC-4320-8DDA-F38968C7F57C}
	EndGlobalSection
EndGlobal
